<?xml version="1.0" encoding="utf-8"?>
<Project ToolsVersion="4.0" xmlns="http://schemas.microsoft.com/developer/msbuild/2003">
  <ItemGroup>
    <Filter Include="Source Files">
      <UniqueIdentifier>{26eefe64-07ba-474b-872e-ba825c7cdd53}</UniqueIdentifier>
      <Extensions>cpp;c;cxx;rc;def;r;odl;idl;hpj;bat</Extensions>
    </Filter>
    <Filter Include="Header Files">
      <UniqueIdentifier>{c3a50fc3-2dfa-4ceb-aa15-5044dc2a5de2}</UniqueIdentifier>
      <Extensions>h;hpp;hxx;hm;inl</Extensions>
    </Filter>
    <Filter Include="Resource Files">
      <UniqueIdentifier>{65a65e05-cc57-45c4-aca7-178ac3bf8b1e}</UniqueIdentifier>
      <Extensions>ico;cur;bmp;dlg;rc2;rct;bin;rgs;gif;jpg;jpeg;jpe</Extensions>
    </Filter>
  </ItemGroup>
  <ItemGroup>
    <ClCompile Include="../sources/bresnham.c">
      <Filter>Source Files</Filter>
    </ClCompile>
    <ClCompile Include="../sources/chardraw.c">
      <Filter>Source Files</Filter>
    </ClCompile>
    <ClCompile Include="../sources/clip.c">
      <Filter>Source Files</Filter>
    </ClCompile>
    <ClCompile Include="../sources/fillpoly.c">
      <Filter>Source Files</Filter>
    </ClCompile>
    <ClCompile Include="../sources/getopt.c">
      <Filter>Source Files</Filter>
    </ClCompile>
    <ClCompile Include="../sources/getopt1.c">
      <Filter>Source Files</Filter>
    </ClCompile>
    <ClCompile Include="../sources/hp2xx.c">
      <Filter>Source Files</Filter>
    </ClCompile>
    <ClCompile Include="../sources/hpgl.c">
      <Filter>Source Files</Filter>
    </ClCompile>
    <ClCompile Include="../sources/lindef.c">
      <Filter>Source Files</Filter>
    </ClCompile>
    <ClCompile Include="../sources/murphy.c">
      <Filter>Source Files</Filter>
    </ClCompile>
    <ClCompile Include="../sources/no_prev.c">
      <Filter>Source Files</Filter>
    </ClCompile>
    <ClCompile Include="../sources/pendef.c">
      <Filter>Source Files</Filter>
    </ClCompile>
    <ClCompile Include="../sources/picbuf.c">
      <Filter>Source Files</Filter>
    </ClCompile>
    <ClCompile Include="../sources/png.c">
      <Filter>Source Files</Filter>
    </ClCompile>
    <ClCompile Include="../sources/std_main.c">
      <Filter>Source Files</Filter>
    </ClCompile>
    <ClCompile Include="../sources/to_emf.c">
      <Filter>Source Files</Filter>
    </ClCompile>
    <ClCompile Include="../sources/to_eps.c">
      <Filter>Source Files</Filter>
    </ClCompile>
    <ClCompile Include="../sources/to_escp2.c">
      <Filter>Source Files</Filter>
    </ClCompile>
    <ClCompile Include="../sources/to_fig.c">
      <Filter>Source Files</Filter>
    </ClCompile>
    <ClCompile Include="../sources/to_img.c">
      <Filter>Source Files</Filter>
    </ClCompile>
    <ClCompile Include="../sources/to_jpg.c">
      <Filter>Source Files</Filter>
    </ClCompile>
    <ClCompile Include="../sources/to_pac.c">
      <Filter>Source Files</Filter>
    </ClCompile>
    <ClCompile Include="../sources/to_pbm.c">
      <Filter>Source Files</Filter>
    </ClCompile>
    <ClCompile Include="../sources/to_pcl.c">
      <Filter>Source Files</Filter>
    </ClCompile>
    <ClCompile Include="../sources/to_pcx.c">
      <Filter>Source Files</Filter>
    </ClCompile>
    <ClCompile Include="../sources/to_pdf.c">
      <Filter>Source Files</Filter>
    </ClCompile>
    <ClCompile Include="../sources/to_pic.c">
      <Filter>Source Files</Filter>
    </ClCompile>
    <ClCompile Include="../sources/to_png.c">
      <Filter>Source Files</Filter>
    </ClCompile>
    <ClCompile Include="../sources/to_rgip.c">
      <Filter>Source Files</Filter>
    </ClCompile>
    <ClCompile Include="../sources/to_tif.c">
      <Filter>Source Files</Filter>
    </ClCompile>
    <ClCompile Include="../sources/to_vec.c">
      <Filter>Source Files</Filter>
    </ClCompile>
  </ItemGroup>
  <ItemGroup>
    <ClInclude Include="../sources/to_png.h">
      <Filter>Header Files</Filter>
    </ClInclude>
  </ItemGroup>
</Project>